
Microsoft Visual Studio Solution File, Format Version 12.00
# Visual Studio Version 16
VisualStudioVersion = 16.0.30413.136
MinimumVisualStudioVersion = 10.0.40219.1
Project("{9A19103F-16F7-4668-BE54-9A1E7A4F7556}") = "IvanProject", "IvanProject.csproj", "{4D665CB2-87EB-4551-B59B-FD4A568B5082}"
EndProject
Project("{9A19103F-16F7-4668-BE54-9A1E7A4F7556}") = "DAL", "..\DAL\DAL.csproj", "{9F6FF10E-2D3B-4B68-8B49-0C8F6B583BD9}"
EndProject
Project("{FAE04EC0-301F-11D3-BF4B-00C04F79EFBC}") = "Model.Common", "..\Model.Common\Model.Common.csproj", "{86FC5F49-056A-4C62-B7B2-717293EFB20A}"
EndProject
Project("{FAE04EC0-301F-11D3-BF4B-00C04F79EFBC}") = "Model", "..\Model\Model.csproj", "{6ACE56E1-C732-4993-A387-89357E6B2F09}"
EndProject
Project("{FAE04EC0-301F-11D3-BF4B-00C04F79EFBC}") = "Repository", "..\Repository\Repository.csproj", "{40FD8339-AC0D-47F5-9B9E-B717D590EF6C}"
EndProject
Project("{FAE04EC0-301F-11D3-BF4B-00C04F79EFBC}") = "Repository.Common", "..\Repository.Common\Repository.Common.csproj", "{2E164BF9-8448-48B3-A653-E8C2C5710ED2}"
EndProject
Global
	GlobalSection(SolutionConfigurationPlatforms) = preSolution
		Debug|Any CPU = Debug|Any CPU
		Release|Any CPU = Release|Any CPU
	EndGlobalSection
	GlobalSection(ProjectConfigurationPlatforms) = postSolution
		{4D665CB2-87EB-4551-B59B-FD4A568B5082}.Debug|Any CPU.ActiveCfg = Debug|Any CPU
		{4D665CB2-87EB-4551-B59B-FD4A568B5082}.Debug|Any CPU.Build.0 = Debug|Any CPU
		{4D665CB2-87EB-4551-B59B-FD4A568B5082}.Release|Any CPU.ActiveCfg = Release|Any CPU
		{4D665CB2-87EB-4551-B59B-FD4A568B5082}.Release|Any CPU.Build.0 = Release|Any CPU
		{9F6FF10E-2D3B-4B68-8B49-0C8F6B583BD9}.Debug|Any CPU.ActiveCfg = Debug|Any CPU
		{9F6FF10E-2D3B-4B68-8B49-0C8F6B583BD9}.Debug|Any CPU.Build.0 = Debug|Any CPU
		{9F6FF10E-2D3B-4B68-8B49-0C8F6B583BD9}.Release|Any CPU.ActiveCfg = Release|Any CPU
		{9F6FF10E-2D3B-4B68-8B49-0C8F6B583BD9}.Release|Any CPU.Build.0 = Release|Any CPU
		{86FC5F49-056A-4C62-B7B2-717293EFB20A}.Debug|Any CPU.ActiveCfg = Debug|Any CPU
		{86FC5F49-056A-4C62-B7B2-717293EFB20A}.Debug|Any CPU.Build.0 = Debug|Any CPU
		{86FC5F49-056A-4C62-B7B2-717293EFB20A}.Release|Any CPU.ActiveCfg = Release|Any CPU
		{86FC5F49-056A-4C62-B7B2-717293EFB20A}.Release|Any CPU.Build.0 = Release|Any CPU
		{6ACE56E1-C732-4993-A387-89357E6B2F09}.Debug|Any CPU.ActiveCfg = Debug|Any CPU
		{6ACE56E1-C732-4993-A387-89357E6B2F09}.Debug|Any CPU.Build.0 = Debug|Any CPU
		{6ACE56E1-C732-4993-A387-89357E6B2F09}.Release|Any CPU.ActiveCfg = Release|Any CPU
		{6ACE56E1-C732-4993-A387-89357E6B2F09}.Release|Any CPU.Build.0 = Release|Any CPU
		{40FD8339-AC0D-47F5-9B9E-B717D590EF6C}.Debug|Any CPU.ActiveCfg = Debug|Any CPU
		{40FD8339-AC0D-47F5-9B9E-B717D590EF6C}.Debug|Any CPU.Build.0 = Debug|Any CPU
		{40FD8339-AC0D-47F5-9B9E-B717D590EF6C}.Release|Any CPU.ActiveCfg = Release|Any CPU
		{40FD8339-AC0D-47F5-9B9E-B717D590EF6C}.Release|Any CPU.Build.0 = Release|Any CPU
		{2E164BF9-8448-48B3-A653-E8C2C5710ED2}.Debug|Any CPU.ActiveCfg = Debug|Any CPU
		{2E164BF9-8448-48B3-A653-E8C2C5710ED2}.Debug|Any CPU.Build.0 = Debug|Any CPU
		{2E164BF9-8448-48B3-A653-E8C2C5710ED2}.Release|Any CPU.ActiveCfg = Release|Any CPU
		{2E164BF9-8448-48B3-A653-E8C2C5710ED2}.Release|Any CPU.Build.0 = Release|Any CPU
	EndGlobalSection
	GlobalSection(SolutionProperties) = preSolution
		HideSolutionNode = FALSE
	EndGlobalSection
	GlobalSection(ExtensibilityGlobals) = postSolution
		SolutionGuid = {669C90D7-DE00-4F72-91B9-F735D65ADF7B}
	EndGlobalSection
EndGlobal
